// !$*UTF8*$!
{
	archiveVersion = 1;
	classes = {
	};
	objectVersion = 46;
	objects = {

/* Begin PBXBuildFile section */
		40D734D41EB917C700EC4AB6 /* AppDelegate.swift in Sources */ = {isa = PBXBuildFile; fileRef = 40D734D31EB917C700EC4AB6 /* AppDelegate.swift */; };
		40D734D61EB917C700EC4AB6 /* ViewController.swift in Sources */ = {isa = PBXBuildFile; fileRef = 40D734D51EB917C700EC4AB6 /* ViewController.swift */; };
		40D734D91EB917C700EC4AB6 /* ToDo_app.xcdatamodeld in Sources */ = {isa = PBXBuildFile; fileRef = 40D734D71EB917C700EC4AB6 /* ToDo_app.xcdatamodeld */; };
		40D734DB1EB917C700EC4AB6 /* Assets.xcassets in Resources */ = {isa = PBXBuildFile; fileRef = 40D734DA1EB917C700EC4AB6 /* Assets.xcassets */; };
		40D734DE1EB917C700EC4AB6 /* Main.storyboard in Resources */ = {isa = PBXBuildFile; fileRef = 40D734DC1EB917C700EC4AB6 /* Main.storyboard */; };
/* End PBXBuildFile section */

/* Begin PBXFileReference section */
		40D734D01EB917C700EC4AB6 /* ToDo-app.app */ = {isa = PBXFileReference; explicitFileType = wrapper.application; includeInIndex = 0; path = "ToDo-app.app"; sourceTree = BUILT_PRODUCTS_DIR; };
		40D734D31EB917C700EC4AB6 /* AppDelegate.swift */ = {isa = PBXFileReference; lastKnownFileType = sourcecode.swift; path = AppDelegate.swift; sourceTree = "<group>"; };
		40D734D51EB917C700EC4AB6 /* ViewController.swift */ = {isa = PBXFileReference; lastKnownFileType = sourcecode.swift; path = ViewController.swift; sourceTree = "<group>"; };
		40D734D81EB917C700EC4AB6 /* ToDo_app.xcdatamodel */ = {isa = PBXFileReference; lastKnownFileType = wrapper.xcdatamodel; path = ToDo_app.xcdatamodel; sourceTree = "<group>"; };
		40D734DA1EB917C700EC4AB6 /* Assets.xcassets */ = {isa = PBXFileReference; lastKnownFileType = folder.assetcatalog; path = Assets.xcassets; sourceTree = "<group>"; };
		40D734DD1EB917C700EC4AB6 /* Base */ = {isa = PBXFileReference; lastKnownFileType = file.storyboard; name = Base; path = Base.lproj/Main.storyboard; sourceTree = "<group>"; };
		40D734DF1EB917C700EC4AB6 /* Info.plist */ = {isa = PBXFileReference; lastKnownFileType = text.plist.xml; path = Info.plist; sourceTree = "<group>"; };
/* End PBXFileReference section */

/* Begin PBXFrameworksBuildPhase section */
		40D734CD1EB917C700EC4AB6 /* Frameworks */ = {
			isa = PBXFrameworksBuildPhase;
			buildActionMask = 2147483647;
			files = (
			);
			runOnlyForDeploymentPostprocessing = 0;
		};
/* End PBXFrameworksBuildPhase section */

/* Begin PBXGroup section */
		40D734C71EB917C700EC4AB6 = {
			isa = PBXGroup;
			children = (
				40D734D21EB917C700EC4AB6 /* ToDo-app */,
				40D734D11EB917C700EC4AB6 /* Products */,
			);
			sourceTree = "<group>";
		};
		40D734D11EB917C700EC4AB6 /* Products */ = {
			isa = PBXGroup;
			children = (
				40D734D01EB917C700EC4AB6 /* ToDo-app.app */,
			);
			name = Products;
			sourceTree = "<group>";
		};
		40D734D21EB917C700EC4AB6 /* ToDo-app */ = {
			isa = PBXGroup;
			children = (
				40D734D31EB917C700EC4AB6 /* AppDelegate.swift */,
				40D734D51EB917C700EC4AB6 /* ViewController.swift */,
				40D734DA1EB917C700EC4AB6 /* Assets.xcassets */,
				40D734DC1EB917C700EC4AB6 /* Main.storyboard */,
				40D734DF1EB917C700EC4AB6 /* Info.plist */,
				40D734D71EB917C700EC4AB6 /* ToDo_app.xcdatamodeld */,
			);
			path = "ToDo-app";
			sourceTree = "<group>";
		};
/* End PBXGroup section */

/* Begin PBXNativeTarget section */
		40D734CF1EB917C700EC4AB6 /* ToDo-app */ = {
			isa = PBXNativeTarget;
			buildConfigurationList = 40D734E21EB917C700EC4AB6 /* Build configuration list for PBXNativeTarget "ToDo-app" */;
			buildPhases = (
				40D734CC1EB917C700EC4AB6 /* Sources */,
				40D734CD1EB917C700EC4AB6 /* Frameworks */,
				40D734CE1EB917C700EC4AB6 /* Resources */,
			);
			buildRules = (
			);
			dependencies = (
			);
			name = "ToDo-app";
			productName = "ToDo-app";
			productReference = 40D734D01EB917C700EC4AB6 /* ToDo-app.app */;
			productType = "com.apple.product-type.application";
		};
/* End PBXNativeTarget section */

/* Begin PBXProject section */
		40D734C81EB917C700EC4AB6 /* Project object */ = {
			isa = PBXProject;
			attributes = {
				LastSwiftUpdateCheck = 0830;
				LastUpgradeCheck = 0830;
				ORGANIZATIONNAME = "Bogdan Martinescu";
				TargetAttributes = {
					40D734CF1EB917C700EC4AB6 = {
						CreatedOnToolsVersion = 8.3.2;
						DevelopmentTeam = VWYM558P8K;
						ProvisioningStyle = Automatic;
					};
				};
			};
			buildConfigurationList = 40D734CB1EB917C700EC4AB6 /* Build configuration list for PBXProject "ToDo-app" */;
			compatibilityVersion = "Xcode 3.2";
			developmentRegion = English;
			hasScannedForEncodings = 0;
			knownRegions = (
				en,
				Base,
			);
			mainGroup = 40D734C71EB917C700EC4AB6;
			productRefGroup = 40D734D11EB917C700EC4AB6 /* Products */;
			projectDirPath = "";
			projectRoot = "";
			targets = (
				40D734CF1EB917C700EC4AB6 /* ToDo-app */,
			);
		};
/* End PBXProject section */

/* Begin PBXResourcesBuildPhase section */
		40D734CE1EB917C700EC4AB6 /* Resources */ = {
			isa = PBXResourcesBuildPhase;
			buildActionMask = 2147483647;
			files = (
				40D734DB1EB917C700EC4AB6 /* Assets.xcassets in Resources */,
				40D734DE1EB917C700EC4AB6 /* Main.storyboard in Resources */,
			);
			runOnlyForDeploymentPostprocessing = 0;
		};
/* End PBXResourcesBuildPhase section */

/* Begin PBXSourcesBuildPhase section */
		40D734CC1EB917C700EC4AB6 /* Sources */ = {
			isa = PBXSourcesBuildPhase;
			buildActionMask = 2147483647;
			files = (
				40D734D91EB917C700EC4AB6 /* ToDo_app.xcdatamodeld in Sources */,
				40D734D61EB917C700EC4AB6 /* ViewController.swift in Sources */,
				40D734D41EB917C700EC4AB6 /* AppDelegate.swift in Sources */,
			);
			runOnlyForDeploymentPostprocessing = 0;
		};
/* End PBXSourcesBuildPhase section */

/* Begin PBXVariantGroup section */
		40D734DC1EB917C700EC4AB6 /* Main.storyboard */ = {
			isa = PBXVariantGroup;
			children = (
				40D734DD1EB917C700EC4AB6 /* Base */,
			);
			name = Main.storyboard;
			sourceTree = "<group>";
		};
/* End PBXVariantGroup section */

/* Begin XCBuildConfiguration section */
		40D734E01EB917C700EC4AB6 /* Debug */ = {
			isa = XCBuildConfiguration;
			buildSettings = {
				ALWAYS_SEARCH_USER_PATHS = NO;
				CLANG_ANALYZER_NONNULL = YES;
				CLANG_ANALYZER_NUMBER_OBJECT_CONVERSION = YES_AGGRESSIVE;
				CLANG_CXX_LANGUAGE_STANDARD = "gnu++0x";
				CLANG_CXX_LIBRARY = "libc++";
				CLANG_ENABLE_MODULES = YES;
				CLANG_ENABLE_OBJC_ARC = YES;
				CLANG_WARN_BOOL_CONVERSION = YES;
				CLANG_WARN_CONSTANT_CONVERSION = YES;
				CLANG_WARN_DIRECT_OBJC_ISA_USAGE = YES_ERROR;
				CLANG_WARN_DOCUMENTATION_COMMENTS = YES;
				CLANG_WARN_EMPTY_BODY = YES;
				CLANG_WARN_ENUM_CONVERSION = YES;
				CLANG_WARN_INFINITE_RECURSION = YES;
				CLANG_WARN_INT_CONVERSION = YES;
				CLANG_WARN_OBJC_ROOT_CLASS = YES_ERROR;
				CLANG_WARN_SUSPICIOUS_MOVE = YES;
				CLANG_WARN_UNREACHABLE_CODE = YES;
				CLANG_WARN__DUPLICATE_METHOD_MATCH = YES;
				CODE_SIGN_IDENTITY = "-";
				COPY_PHASE_STRIP = NO;
				DEBUG_INFORMATION_FORMAT = dwarf;
				ENABLE_STRICT_OBJC_MSGSEND = YES;
				ENABLE_TESTABILITY = YES;
				GCC_C_LANGUAGE_STANDARD = gnu99;
				GCC_DYNAMIC_NO_PIC = NO;
				GCC_NO_COMMON_BLOCKS = YES;
				GCC_OPTIMIZATION_LEVEL = 0;
				GCC_PREPROCESSOR_DEFINITIONS = (
					"DEBUG=1",
					"$(inherited)",
				);
				GCC_WARN_64_TO_32_BIT_CONVERSION = YES;
				GCC_WARN_ABOUT_RETURN_TYPE = YES_ERROR;
				GCC_WARN_UNDECLARED_SELECTOR = YES;
				GCC_WARN_UNINITIALIZED_AUTOS = YES_AGGRESSIVE;
				GCC_WARN_UNUSED_FUNCTION = YES;
				GCC_WARN_UNUSED_VARIABLE = YES;
				MACOSX_DEPLOYMENT_TARGET = 10.12;
				MTL_ENABLE_DEBUG_INFO = YES;
				ONLY_ACTIVE_ARCH = YES;
				SDKROOT = macosx;
				SWIFT_ACTIVE_COMPILATION_CONDITIONS = DEBUG;
				SWIFT_OPTIMIZATION_LEVEL = "-Onone";
			};
			name = Debug;
		};
		40D734E11EB917C700EC4AB6 /* Release */ = {
			isa = XCBuildConfiguration;
			buildSettings = {
				ALWAYS_SEARCH_USER_PATHS = NO;
				CLANG_ANALYZER_NONNULL = YES;
				CLANG_ANALYZER_NUMBER_OBJECT_CONVERSION = YES_AGGRESSIVE;
				CLANG_CXX_LANGUAGE_STANDARD = "gnu++0x";
				CLANG_CXX_LIBRARY = "libc++";
				CLANG_ENABLE_MODULES = YES;
				CLANG_ENABLE_OBJC_ARC = YES;
				CLANG_WARN_BOOL_CONVERSION = YES;
				CLANG_WARN_CONSTANT_CONVERSION = YES;
				CLANG_WARN_DIRECT_OBJC_ISA_USAGE = YES_ERROR;
				CLANG_WARN_DOCUMENTATION_COMMENTS = YES;
				CLANG_WARN_EMPTY_BODY = YES;
				CLANG_WARN_ENUM_CONVERSION = YES;
				CLANG_WARN_INFINITE_RECURSION = YES;
				CLANG_WARN_INT_CONVERSION = YES;
				CLANG_WARN_OBJC_ROOT_CLASS = YES_ERROR;
				CLANG_WARN_SUSPICIOUS_MOVE = YES;
				CLANG_WARN_UNREACHABLE_CODE = YES;
				CLANG_WARN__DUPLICATE_METHOD_MATCH = YES;
				CODE_SIGN_IDENTITY = "-";
				COPY_PHASE_STRIP = NO;
				DEBUG_INFORMATION_FORMAT = "dwarf-with-dsym";
				ENABLE_NS_ASSERTIONS = NO;
				ENABLE_STRICT_OBJC_MSGSEND = YES;
				GCC_C_LANGUAGE_STANDARD = gnu99;
				GCC_NO_COMMON_BLOCKS = YES;
				GCC_WARN_64_TO_32_BIT_CONVERSION = YES;
				GCC_WARN_ABOUT_RETURN_TYPE = YES_ERROR;
				GCC_WARN_UNDECLARED_SELECTOR = YES;
				GCC_WARN_UNINITIALIZED_AUTOS = YES_AGGRESSIVE;
				GCC_WARN_UNUSED_FUNCTION = YES;
				GCC_WARN_UNUSED_VARIABLE = YES;
				MACOSX_DEPLOYMENT_TARGET = 10.12;
				MTL_ENABLE_DEBUG_INFO = NO;
				SDKROOT = macosx;
				SWIFT_OPTIMIZATION_LEVEL = "-Owholemodule";
			};
			name = Release;
		};
		40D734E31EB917C700EC4AB6 /* Debug */ = {
			isa = XCBuildConfiguration;
			buildSettings = {
				ASSETCATALOG_COMPILER_APPICON_NAME = AppIcon;
				CODE_SIGN_IDENTITY = "Mac Developer";
				COMBINE_HIDPI_IMAGES = YES;
				DEVELOPMENT_TEAM = VWYM558P8K;
				INFOPLIST_FILE = "ToDo-app/Info.plist";
				LD_RUNPATH_SEARCH_PATHS = "$(inherited) @executable_path/../Frameworks";
				PRODUCT_BUNDLE_IDENTIFIER = "ro.mlb.ToDo-app";
				PRODUCT_NAME = "$(TARGET_NAME)";
				PROVISIONING_PROFILE_SPECIFIER = "";
				SWIFT_VERSION = 3.0;
			};
			name = Debug;
		};
		40D734E41EB917C700EC4AB6 /* Release */ = {
			isa = XCBuildConfiguration;
			buildSettings = {
				ASSETCATALOG_COMPILER_APPICON_NAME = AppIcon;
				CODE_SIGN_IDENTITY = "Mac Developer";
				COMBINE_HIDPI_IMAGES = YES;
				DEVELOPMENT_TEAM = VWYM558P8K;
				INFOPLIST_FILE = "ToDo-app/Info.plist";
				LD_RUNPATH_SEARCH_PATHS = "$(inherited) @executable_path/../Frameworks";
				PRODUCT_BUNDLE_IDENTIFIER = "ro.mlb.ToDo-app";
				PRODUCT_NAME = "$(TARGET_NAME)";
				PROVISIONING_PROFILE_SPECIFIER = "";
				SWIFT_VERSION = 3.0;
			};
			name = Release;
		};
/* End XCBuildConfiguration section */

/* Begin XCConfigurationList section */
		40D734CB1EB917C700EC4AB6 /* Build configuration list for PBXProject "ToDo-app" */ = {
			isa = XCConfigurationList;
			buildConfigurations = (
				40D734E01EB917C700EC4AB6 /* Debug */,
				40D734E11EB917C700EC4AB6 /* Release */,
			);
			defaultConfigurationIsVisible = 0;
			defaultConfigurationName = Release;
		};
		40D734E21EB917C700EC4AB6 /* Build configuration list for PBXNativeTarget "ToDo-app" */ = {
			isa = XCConfigurationList;
			buildConfigurations = (
				40D734E31EB917C700EC4AB6 /* Debug */,
				40D734E41EB917C700EC4AB6 /* Release */,
			);
			defaultConfigurationIsVisible = 0;
			defaultConfigurationName = Release;
		};
/* End XCConfigurationList section */

/* Begin XCVersionGroup section */
		40D734D71EB917C700EC4AB6 /* ToDo_app.xcdatamodeld */ = {
			isa = XCVersionGroup;
			children = (
				40D734D81EB917C700EC4AB6 /* ToDo_app.xcdatamodel */,
			);
			currentVersion = 40D734D81EB917C700EC4AB6 /* ToDo_app.xcdatamodel */;
			path = ToDo_app.xcdatamodeld;
			sourceTree = "<group>";
			versionGroupType = wrapper.xcdatamodel;
		};
/* End XCVersionGroup section */
	};
	rootObject = 40D734C81EB917C700EC4AB6 /* Project object */;
}
